
Microsoft Visual Studio Solution File, Format Version 12.00
# Visual Studio Version 17
VisualStudioVersion = 17.4.33213.308
MinimumVisualStudioVersion = 10.0.40219.1
Project("{FAE04EC0-301F-11D3-BF4B-00C04F79EFBC}") = "PracticaMVC", "PracticaMVC\PracticaMVC.csproj", "{C1CAFDDC-B0EA-44F8-8CE1-ABBE8CA385FD}"
EndProject
Global
	GlobalSection(SolutionConfigurationPlatforms) = preSolution
		Debug|Any CPU = Debug|Any CPU
		Release|Any CPU = Release|Any CPU
	EndGlobalSection
	GlobalSection(ProjectConfigurationPlatforms) = postSolution
		{C1CAFDDC-B0EA-44F8-8CE1-ABBE8CA385FD}.Debug|Any CPU.ActiveCfg = Debug|Any CPU
		{C1CAFDDC-B0EA-44F8-8CE1-ABBE8CA385FD}.Debug|Any CPU.Build.0 = Debug|Any CPU
		{C1CAFDDC-B0EA-44F8-8CE1-ABBE8CA385FD}.Release|Any CPU.ActiveCfg = Release|Any CPU
		{C1CAFDDC-B0EA-44F8-8CE1-ABBE8CA385FD}.Release|Any CPU.Build.0 = Release|Any CPU
	EndGlobalSection
	GlobalSection(SolutionProperties) = preSolution
		HideSolutionNode = FALSE
	EndGlobalSection
	GlobalSection(ExtensibilityGlobals) = postSolution
		SolutionGuid = {E23F51A6-6FA2-4E62-9A3B-8C19C85C8BFB}
	EndGlobalSection
EndGlobal
